
Microsoft Visual Studio Solution File, Format Version 12.00
# Visual Studio Version 17
VisualStudioVersion = 17.5.33414.496
MinimumVisualStudioVersion = 10.0.40219.1
Project("{9A19103F-16F7-4668-BE54-9A1E7A4F7556}") = "ChainSafe.Gaming", "src\ChainSafe.Gaming\ChainSafe.Gaming.csproj", "{E6CC674F-C552-412E-8272-692CE182AB7A}"
EndProject
Project("{9A19103F-16F7-4668-BE54-9A1E7A4F7556}") = "ChainSafe.Gaming.Tests", "src\ChainSafe.Gaming.Tests\ChainSafe.Gaming.Tests.csproj", "{D63ACB2E-71E2-49C1-AE55-92DFA723391E}"
EndProject
Project("{9A19103F-16F7-4668-BE54-9A1E7A4F7556}") = "ChainSafe.Gaming.Unity", "src\ChainSafe.Gaming.Unity\ChainSafe.Gaming.Unity.csproj", "{14C3ACCB-285C-493C-AD59-73853386095E}"
EndProject
Project("{9A19103F-16F7-4668-BE54-9A1E7A4F7556}") = "ChainSafe.Gaming.NetCore", "src\ChainSafe.Gaming.NetCore\ChainSafe.Gaming.NetCore.csproj", "{C1FA80C9-64F5-4213-9938-2CB5323A4823}"
EndProject
Project("{2150E333-8FDC-42A3-9474-1A3956D46DE8}") = "Solution Items", "Solution Items", "{3F500611-617F-413F-8607-2393B7493585}"
	ProjectSection(SolutionItems) = preProject
		global.ruleset = global.ruleset
		README.md = README.md
		Modules.md = Modules.md
		LICENSE = LICENSE
	EndProjectSection
EndProject
Project("{9A19103F-16F7-4668-BE54-9A1E7A4F7556}") = "ChainSafe.Gaming.Unity.ThirdParty", "src\ChainSafe.Gaming.Unity.ThirdParty\ChainSafe.Gaming.Unity.ThirdParty.csproj", "{9EC71CB4-9401-4E02-AC63-FC13B3D1AA53}"
EndProject
Project("{9A19103F-16F7-4668-BE54-9A1E7A4F7556}") = "ChainSafe.Gaming.WalletConnect", "src\ChainSafe.Gaming.WalletConnect\ChainSafe.Gaming.WalletConnect.csproj", "{99E7A645-CAC5-441B-848D-1253405D6400}"
EndProject
Project("{FAE04EC0-301F-11D3-BF4B-00C04F79EFBC}") = "ChainSafe.Gaming.InProcessSigner", "src\ChainSafe.Gaming.InProcessSigner\ChainSafe.Gaming.InProcessSigner.csproj", "{3C01FD36-4D44-4886-A971-4786D99CBFCC}"
EndProject
Project("{FAE04EC0-301F-11D3-BF4B-00C04F79EFBC}") = "ChainSafe.Gaming.InProcessTransactionExecutor", "src\ChainSafe.Gaming.InProcessTransactionExecutor\ChainSafe.Gaming.InProcessTransactionExecutor.csproj", "{457E4582-4CC5-4D42-A0CB-5F48204328FE}"
EndProject
Project("{FAE04EC0-301F-11D3-BF4B-00C04F79EFBC}") = "ChainSafe.Gaming.Gelato", "src\ChainSafe.Gaming.Gelato\ChainSafe.Gaming.Gelato.csproj", "{205BA2B5-B8B0-4860-B8D0-1AFA148D882E}"
EndProject
Project("{FAE04EC0-301F-11D3-BF4B-00C04F79EFBC}") = "ChainSafe.Gaming.Lootboxes.Chainlink", "src\ChainSafe.Gaming.Lootboxes.Chainlink\ChainSafe.Gaming.Lootboxes.Chainlink.csproj", "{2A1E49E1-219A-4821-B580-CF6E85A5EA20}"
EndProject
Project("{FAE04EC0-301F-11D3-BF4B-00C04F79EFBC}") = "Chainsafe.Gaming.Chainlink", "src\Chainsafe.Gaming.Chainlink\Chainsafe.Gaming.Chainlink.csproj", "{A8A29975-3146-445E-87F6-7B2447C39760}"
EndProject
Project("{FAE04EC0-301F-11D3-BF4B-00C04F79EFBC}") = "ChainSafe.Gaming.Debugging", "src\ChainSafe.Gaming.Debugging\ChainSafe.Gaming.Debugging.csproj", "{88B2E2F4-96BC-44B1-AE4D-5FBA6B4C399F}"
EndProject
Project("{FAE04EC0-301F-11D3-BF4B-00C04F79EFBC}") = "ChainSafe.Gaming.Unity.MetaMask", "src\ChainSafe.Gaming.Unity.MetaMask\ChainSafe.Gaming.Unity.MetaMask.csproj", "{AF45F008-6ABC-4F37-82BF-4814B7F15B30}"
EndProject
Project("{FAE04EC0-301F-11D3-BF4B-00C04F79EFBC}") = "ChainSafe.Gaming.SygmaClient", "src\ChainSafe.Gaming.SygmaClient\ChainSafe.Gaming.SygmaClient.csproj", "{6D329479-C391-4BF9-B6FC-FFA3AD3A12D7}"
EndProject
Project("{FAE04EC0-301F-11D3-BF4B-00C04F79EFBC}") = "ChainSafe.Gaming.Marketplace", "src/ChainSafe.Gaming.Marketplace\ChainSafe.Gaming.Marketplace.csproj", "{E7A9FE35-BEFD-4569-B848-495E0B85B674}"
EndProject
Project("{FAE04EC0-301F-11D3-BF4B-00C04F79EFBC}") = "ChainSafe.Gaming.HyperPlay", "src\ChainSafe.Gaming.HyperPlay\ChainSafe.Gaming.HyperPlay.csproj", "{0859E3E2-5AB9-4997-9DE7-368EAB89313B}"
EndProject
Project("{FAE04EC0-301F-11D3-BF4B-00C04F79EFBC}") = "ChainSafe.Gaming.Unity.EthereumWindow", "src\ChainSafe.Gaming.Unity.EthereumWindow\ChainSafe.Gaming.Unity.EthereumWindow.csproj", "{F743DE56-1650-4111-8613-96E8EC7CFD2D}"
EndProject
Project("{FAE04EC0-301F-11D3-BF4B-00C04F79EFBC}") = "ChainSafe.Gaming.Mud", "src\ChainSafe.Gaming.Mud\ChainSafe.Gaming.Mud.csproj", "{084E4FCB-9376-4B29-AA8C-6871E13906E6}"
EndProject
Global
	GlobalSection(SolutionConfigurationPlatforms) = preSolution
		Debug|Any CPU = Debug|Any CPU
		Release|Any CPU = Release|Any CPU
		Test|Any CPU = Test|Any CPU
	EndGlobalSection
	GlobalSection(ProjectConfigurationPlatforms) = postSolution
		{E6CC674F-C552-412E-8272-692CE182AB7A}.Debug|Any CPU.ActiveCfg = Debug|Any CPU
		{E6CC674F-C552-412E-8272-692CE182AB7A}.Debug|Any CPU.Build.0 = Debug|Any CPU
		{E6CC674F-C552-412E-8272-692CE182AB7A}.Release|Any CPU.ActiveCfg = Release|Any CPU
		{E6CC674F-C552-412E-8272-692CE182AB7A}.Release|Any CPU.Build.0 = Release|Any CPU
		{E6CC674F-C552-412E-8272-692CE182AB7A}.Test|Any CPU.ActiveCfg = Test|Any CPU
		{E6CC674F-C552-412E-8272-692CE182AB7A}.Test|Any CPU.Build.0 = Test|Any CPU
		{D63ACB2E-71E2-49C1-AE55-92DFA723391E}.Debug|Any CPU.ActiveCfg = Debug|Any CPU
		{D63ACB2E-71E2-49C1-AE55-92DFA723391E}.Debug|Any CPU.Build.0 = Debug|Any CPU
		{D63ACB2E-71E2-49C1-AE55-92DFA723391E}.Release|Any CPU.ActiveCfg = Release|Any CPU
		{D63ACB2E-71E2-49C1-AE55-92DFA723391E}.Release|Any CPU.Build.0 = Release|Any CPU
		{D63ACB2E-71E2-49C1-AE55-92DFA723391E}.Test|Any CPU.ActiveCfg = Test|Any CPU
		{D63ACB2E-71E2-49C1-AE55-92DFA723391E}.Test|Any CPU.Build.0 = Test|Any CPU
		{14C3ACCB-285C-493C-AD59-73853386095E}.Debug|Any CPU.ActiveCfg = Debug|Any CPU
		{14C3ACCB-285C-493C-AD59-73853386095E}.Debug|Any CPU.Build.0 = Debug|Any CPU
		{14C3ACCB-285C-493C-AD59-73853386095E}.Release|Any CPU.ActiveCfg = Release|Any CPU
		{14C3ACCB-285C-493C-AD59-73853386095E}.Release|Any CPU.Build.0 = Release|Any CPU
		{14C3ACCB-285C-493C-AD59-73853386095E}.Test|Any CPU.ActiveCfg = Test|Any CPU
		{C1FA80C9-64F5-4213-9938-2CB5323A4823}.Debug|Any CPU.ActiveCfg = Debug|Any CPU
		{C1FA80C9-64F5-4213-9938-2CB5323A4823}.Debug|Any CPU.Build.0 = Debug|Any CPU
		{C1FA80C9-64F5-4213-9938-2CB5323A4823}.Release|Any CPU.ActiveCfg = Release|Any CPU
		{C1FA80C9-64F5-4213-9938-2CB5323A4823}.Release|Any CPU.Build.0 = Release|Any CPU
		{C1FA80C9-64F5-4213-9938-2CB5323A4823}.Test|Any CPU.ActiveCfg = Test|Any CPU
		{C1FA80C9-64F5-4213-9938-2CB5323A4823}.Test|Any CPU.Build.0 = Test|Any CPU
		{9EC71CB4-9401-4E02-AC63-FC13B3D1AA53}.Debug|Any CPU.ActiveCfg = Debug|Any CPU
		{9EC71CB4-9401-4E02-AC63-FC13B3D1AA53}.Debug|Any CPU.Build.0 = Debug|Any CPU
		{9EC71CB4-9401-4E02-AC63-FC13B3D1AA53}.Release|Any CPU.ActiveCfg = Release|Any CPU
		{9EC71CB4-9401-4E02-AC63-FC13B3D1AA53}.Release|Any CPU.Build.0 = Release|Any CPU
		{9EC71CB4-9401-4E02-AC63-FC13B3D1AA53}.Test|Any CPU.ActiveCfg = Test|Any CPU
		{9EC71CB4-9401-4E02-AC63-FC13B3D1AA53}.Test|Any CPU.Build.0 = Test|Any CPU
		{99E7A645-CAC5-441B-848D-1253405D6400}.Debug|Any CPU.ActiveCfg = Debug|Any CPU
		{99E7A645-CAC5-441B-848D-1253405D6400}.Debug|Any CPU.Build.0 = Debug|Any CPU
		{99E7A645-CAC5-441B-848D-1253405D6400}.Release|Any CPU.ActiveCfg = Release|Any CPU
		{99E7A645-CAC5-441B-848D-1253405D6400}.Release|Any CPU.Build.0 = Release|Any CPU
		{99E7A645-CAC5-441B-848D-1253405D6400}.Test|Any CPU.ActiveCfg = Test|Any CPU
		{99E7A645-CAC5-441B-848D-1253405D6400}.Test|Any CPU.Build.0 = Test|Any CPU
		{3C01FD36-4D44-4886-A971-4786D99CBFCC}.Debug|Any CPU.ActiveCfg = Debug|Any CPU
		{3C01FD36-4D44-4886-A971-4786D99CBFCC}.Debug|Any CPU.Build.0 = Debug|Any CPU
		{3C01FD36-4D44-4886-A971-4786D99CBFCC}.Release|Any CPU.ActiveCfg = Release|Any CPU
		{3C01FD36-4D44-4886-A971-4786D99CBFCC}.Release|Any CPU.Build.0 = Release|Any CPU
		{3C01FD36-4D44-4886-A971-4786D99CBFCC}.Test|Any CPU.ActiveCfg = Test|Any CPU
		{3C01FD36-4D44-4886-A971-4786D99CBFCC}.Test|Any CPU.Build.0 = Test|Any CPU
		{457E4582-4CC5-4D42-A0CB-5F48204328FE}.Debug|Any CPU.ActiveCfg = Debug|Any CPU
		{457E4582-4CC5-4D42-A0CB-5F48204328FE}.Debug|Any CPU.Build.0 = Debug|Any CPU
		{457E4582-4CC5-4D42-A0CB-5F48204328FE}.Release|Any CPU.ActiveCfg = Release|Any CPU
		{457E4582-4CC5-4D42-A0CB-5F48204328FE}.Release|Any CPU.Build.0 = Release|Any CPU
		{457E4582-4CC5-4D42-A0CB-5F48204328FE}.Test|Any CPU.ActiveCfg = Test|Any CPU
		{457E4582-4CC5-4D42-A0CB-5F48204328FE}.Test|Any CPU.Build.0 = Test|Any CPU
		{205BA2B5-B8B0-4860-B8D0-1AFA148D882E}.Debug|Any CPU.ActiveCfg = Debug|Any CPU
		{205BA2B5-B8B0-4860-B8D0-1AFA148D882E}.Debug|Any CPU.Build.0 = Debug|Any CPU
		{205BA2B5-B8B0-4860-B8D0-1AFA148D882E}.Release|Any CPU.ActiveCfg = Release|Any CPU
		{205BA2B5-B8B0-4860-B8D0-1AFA148D882E}.Release|Any CPU.Build.0 = Release|Any CPU
		{205BA2B5-B8B0-4860-B8D0-1AFA148D882E}.Test|Any CPU.ActiveCfg = Test|Any CPU
		{205BA2B5-B8B0-4860-B8D0-1AFA148D882E}.Test|Any CPU.Build.0 = Test|Any CPU
		{2A1E49E1-219A-4821-B580-CF6E85A5EA20}.Debug|Any CPU.ActiveCfg = Debug|Any CPU
		{2A1E49E1-219A-4821-B580-CF6E85A5EA20}.Debug|Any CPU.Build.0 = Debug|Any CPU
		{2A1E49E1-219A-4821-B580-CF6E85A5EA20}.Release|Any CPU.ActiveCfg = Release|Any CPU
		{2A1E49E1-219A-4821-B580-CF6E85A5EA20}.Release|Any CPU.Build.0 = Release|Any CPU
		{2A1E49E1-219A-4821-B580-CF6E85A5EA20}.Test|Any CPU.ActiveCfg = Debug|Any CPU
		{2A1E49E1-219A-4821-B580-CF6E85A5EA20}.Test|Any CPU.Build.0 = Debug|Any CPU
		{A8A29975-3146-445E-87F6-7B2447C39760}.Debug|Any CPU.ActiveCfg = Debug|Any CPU
		{A8A29975-3146-445E-87F6-7B2447C39760}.Debug|Any CPU.Build.0 = Debug|Any CPU
		{A8A29975-3146-445E-87F6-7B2447C39760}.Release|Any CPU.ActiveCfg = Release|Any CPU
		{A8A29975-3146-445E-87F6-7B2447C39760}.Release|Any CPU.Build.0 = Release|Any CPU
		{A8A29975-3146-445E-87F6-7B2447C39760}.Test|Any CPU.ActiveCfg = Debug|Any CPU
		{A8A29975-3146-445E-87F6-7B2447C39760}.Test|Any CPU.Build.0 = Debug|Any CPU
		{88B2E2F4-96BC-44B1-AE4D-5FBA6B4C399F}.Debug|Any CPU.ActiveCfg = Debug|Any CPU
		{88B2E2F4-96BC-44B1-AE4D-5FBA6B4C399F}.Debug|Any CPU.Build.0 = Debug|Any CPU
		{88B2E2F4-96BC-44B1-AE4D-5FBA6B4C399F}.Release|Any CPU.ActiveCfg = Release|Any CPU
		{88B2E2F4-96BC-44B1-AE4D-5FBA6B4C399F}.Release|Any CPU.Build.0 = Release|Any CPU
		{88B2E2F4-96BC-44B1-AE4D-5FBA6B4C399F}.Test|Any CPU.ActiveCfg = Debug|Any CPU
		{88B2E2F4-96BC-44B1-AE4D-5FBA6B4C399F}.Test|Any CPU.Build.0 = Debug|Any CPU
		{AF45F008-6ABC-4F37-82BF-4814B7F15B30}.Debug|Any CPU.ActiveCfg = Debug|Any CPU
		{AF45F008-6ABC-4F37-82BF-4814B7F15B30}.Debug|Any CPU.Build.0 = Debug|Any CPU
		{AF45F008-6ABC-4F37-82BF-4814B7F15B30}.Release|Any CPU.ActiveCfg = Release|Any CPU
		{AF45F008-6ABC-4F37-82BF-4814B7F15B30}.Release|Any CPU.Build.0 = Release|Any CPU
		{AF45F008-6ABC-4F37-82BF-4814B7F15B30}.Test|Any CPU.ActiveCfg = Debug|Any CPU
		{AF45F008-6ABC-4F37-82BF-4814B7F15B30}.Test|Any CPU.Build.0 = Debug|Any CPU
		{6D329479-C391-4BF9-B6FC-FFA3AD3A12D7}.Debug|Any CPU.ActiveCfg = Debug|Any CPU
		{6D329479-C391-4BF9-B6FC-FFA3AD3A12D7}.Debug|Any CPU.Build.0 = Debug|Any CPU
		{6D329479-C391-4BF9-B6FC-FFA3AD3A12D7}.Release|Any CPU.ActiveCfg = Release|Any CPU
		{6D329479-C391-4BF9-B6FC-FFA3AD3A12D7}.Release|Any CPU.Build.0 = Release|Any CPU
		{6D329479-C391-4BF9-B6FC-FFA3AD3A12D7}.Test|Any CPU.ActiveCfg = Test|Any CPU
		{6D329479-C391-4BF9-B6FC-FFA3AD3A12D7}.Test|Any CPU.Build.0 = Test|Any CPU
		{E7A9FE35-BEFD-4569-B848-495E0B85B674}.Debug|Any CPU.ActiveCfg = Debug|Any CPU
		{E7A9FE35-BEFD-4569-B848-495E0B85B674}.Debug|Any CPU.Build.0 = Debug|Any CPU
		{E7A9FE35-BEFD-4569-B848-495E0B85B674}.Release|Any CPU.ActiveCfg = Release|Any CPU
		{E7A9FE35-BEFD-4569-B848-495E0B85B674}.Release|Any CPU.Build.0 = Release|Any CPU
		{E7A9FE35-BEFD-4569-B848-495E0B85B674}.Test|Any CPU.ActiveCfg = Debug|Any CPU
		{E7A9FE35-BEFD-4569-B848-495E0B85B674}.Test|Any CPU.Build.0 = Debug|Any CPU
		{0859E3E2-5AB9-4997-9DE7-368EAB89313B}.Debug|Any CPU.ActiveCfg = Debug|Any CPU
		{0859E3E2-5AB9-4997-9DE7-368EAB89313B}.Debug|Any CPU.Build.0 = Debug|Any CPU
		{0859E3E2-5AB9-4997-9DE7-368EAB89313B}.Release|Any CPU.ActiveCfg = Release|Any CPU
		{0859E3E2-5AB9-4997-9DE7-368EAB89313B}.Release|Any CPU.Build.0 = Release|Any CPU
		{0859E3E2-5AB9-4997-9DE7-368EAB89313B}.Test|Any CPU.ActiveCfg = Debug|Any CPU
		{0859E3E2-5AB9-4997-9DE7-368EAB89313B}.Test|Any CPU.Build.0 = Debug|Any CPU
		{F743DE56-1650-4111-8613-96E8EC7CFD2D}.Debug|Any CPU.ActiveCfg = Debug|Any CPU
		{F743DE56-1650-4111-8613-96E8EC7CFD2D}.Debug|Any CPU.Build.0 = Debug|Any CPU
		{F743DE56-1650-4111-8613-96E8EC7CFD2D}.Release|Any CPU.ActiveCfg = Release|Any CPU
		{F743DE56-1650-4111-8613-96E8EC7CFD2D}.Release|Any CPU.Build.0 = Release|Any CPU
		{F743DE56-1650-4111-8613-96E8EC7CFD2D}.Test|Any CPU.ActiveCfg = Debug|Any CPU
		{F743DE56-1650-4111-8613-96E8EC7CFD2D}.Test|Any CPU.Build.0 = Debug|Any CPU
		{084E4FCB-9376-4B29-AA8C-6871E13906E6}.Debug|Any CPU.ActiveCfg = Debug|Any CPU
		{084E4FCB-9376-4B29-AA8C-6871E13906E6}.Debug|Any CPU.Build.0 = Debug|Any CPU
		{084E4FCB-9376-4B29-AA8C-6871E13906E6}.Release|Any CPU.ActiveCfg = Release|Any CPU
		{084E4FCB-9376-4B29-AA8C-6871E13906E6}.Release|Any CPU.Build.0 = Release|Any CPU
		{084E4FCB-9376-4B29-AA8C-6871E13906E6}.Test|Any CPU.ActiveCfg = Debug|Any CPU
		{084E4FCB-9376-4B29-AA8C-6871E13906E6}.Test|Any CPU.Build.0 = Debug|Any CPU
	EndGlobalSection
	GlobalSection(SolutionProperties) = preSolution
		HideSolutionNode = FALSE
	EndGlobalSection
	GlobalSection(ExtensibilityGlobals) = postSolution
		SolutionGuid = {DB0D5856-6403-4C0C-8095-9A328B81C86F}
	EndGlobalSection
	GlobalSection(NestedProjects) = preSolution
	EndGlobalSection
EndGlobal
